// !$*UTF8*$!
{
	archiveVersion = 1;
	classes = {
	};
	objectVersion = 77;
	objects = {

/* Begin PBXBuildFile section */
		2454841F091EE95C61E14EB0 /* Pods_CI_CD_Demo_CI_CD_DemoUITests.framework in Frameworks */ = {isa = PBXBuildFile; fileRef = D2D41D83C82F79EFF7CFCC78 /* Pods_CI_CD_Demo_CI_CD_DemoUITests.framework */; };
		58AE2340EA773CDF60922B11 /* Pods_CI_CD_Demo.framework in Frameworks */ = {isa = PBXBuildFile; fileRef = E8662790D6618E02E7EFBBAB /* Pods_CI_CD_Demo.framework */; };
		8759CCE8C6B0816A7E7A7893 /* Pods_CI_CD_DemoTests.framework in Frameworks */ = {isa = PBXBuildFile; fileRef = 6584DFD1ABF10E64412DB351 /* Pods_CI_CD_DemoTests.framework */; };
/* End PBXBuildFile section */

/* Begin PBXContainerItemProxy section */
		20A616492CF9CB2C00BA243A /* PBXContainerItemProxy */ = {
			isa = PBXContainerItemProxy;
			containerPortal = 20A6162A2CF9CB2800BA243A /* Project object */;
			proxyType = 1;
			remoteGlobalIDString = 20A616312CF9CB2900BA243A;
			remoteInfo = CI_CD_Demo;
		};
		20A616532CF9CB2C00BA243A /* PBXContainerItemProxy */ = {
			isa = PBXContainerItemProxy;
			containerPortal = 20A6162A2CF9CB2800BA243A /* Project object */;
			proxyType = 1;
			remoteGlobalIDString = 20A616312CF9CB2900BA243A;
			remoteInfo = CI_CD_Demo;
		};
/* End PBXContainerItemProxy section */

/* Begin PBXFileReference section */
		0E3647B111AE34649F0C8231 /* Pods-CI_CD_Demo.release.xcconfig */ = {isa = PBXFileReference; includeInIndex = 1; lastKnownFileType = text.xcconfig; name = "Pods-CI_CD_Demo.release.xcconfig"; path = "Target Support Files/Pods-CI_CD_Demo/Pods-CI_CD_Demo.release.xcconfig"; sourceTree = "<group>"; };
		16C8AA0127B4A440017157C0 /* Pods-CI_CD_DemoTests.release.xcconfig */ = {isa = PBXFileReference; includeInIndex = 1; lastKnownFileType = text.xcconfig; name = "Pods-CI_CD_DemoTests.release.xcconfig"; path = "Target Support Files/Pods-CI_CD_DemoTests/Pods-CI_CD_DemoTests.release.xcconfig"; sourceTree = "<group>"; };
		20A616322CF9CB2900BA243A /* CI_CD_Demo.app */ = {isa = PBXFileReference; explicitFileType = wrapper.application; includeInIndex = 0; path = CI_CD_Demo.app; sourceTree = BUILT_PRODUCTS_DIR; };
		20A616482CF9CB2C00BA243A /* CI_CD_DemoTests.xctest */ = {isa = PBXFileReference; explicitFileType = wrapper.cfbundle; includeInIndex = 0; path = CI_CD_DemoTests.xctest; sourceTree = BUILT_PRODUCTS_DIR; };
		20A616522CF9CB2C00BA243A /* CI_CD_DemoUITests.xctest */ = {isa = PBXFileReference; explicitFileType = wrapper.cfbundle; includeInIndex = 0; path = CI_CD_DemoUITests.xctest; sourceTree = BUILT_PRODUCTS_DIR; };
		6584DFD1ABF10E64412DB351 /* Pods_CI_CD_DemoTests.framework */ = {isa = PBXFileReference; explicitFileType = wrapper.framework; includeInIndex = 0; path = Pods_CI_CD_DemoTests.framework; sourceTree = BUILT_PRODUCTS_DIR; };
		6B9A5CD73C0FD5F83DC767E2 /* Pods-CI_CD_Demo-CI_CD_DemoUITests.release.xcconfig */ = {isa = PBXFileReference; includeInIndex = 1; lastKnownFileType = text.xcconfig; name = "Pods-CI_CD_Demo-CI_CD_DemoUITests.release.xcconfig"; path = "Target Support Files/Pods-CI_CD_Demo-CI_CD_DemoUITests/Pods-CI_CD_Demo-CI_CD_DemoUITests.release.xcconfig"; sourceTree = "<group>"; };
		7199FE23EF23A35274A205FD /* Pods-CI_CD_Demo-CI_CD_DemoUITests.debug.xcconfig */ = {isa = PBXFileReference; includeInIndex = 1; lastKnownFileType = text.xcconfig; name = "Pods-CI_CD_Demo-CI_CD_DemoUITests.debug.xcconfig"; path = "Target Support Files/Pods-CI_CD_Demo-CI_CD_DemoUITests/Pods-CI_CD_Demo-CI_CD_DemoUITests.debug.xcconfig"; sourceTree = "<group>"; };
		CF4531DAB8FB84691CB086AF /* Pods-CI_CD_DemoTests.debug.xcconfig */ = {isa = PBXFileReference; includeInIndex = 1; lastKnownFileType = text.xcconfig; name = "Pods-CI_CD_DemoTests.debug.xcconfig"; path = "Target Support Files/Pods-CI_CD_DemoTests/Pods-CI_CD_DemoTests.debug.xcconfig"; sourceTree = "<group>"; };
		D2D41D83C82F79EFF7CFCC78 /* Pods_CI_CD_Demo_CI_CD_DemoUITests.framework */ = {isa = PBXFileReference; explicitFileType = wrapper.framework; includeInIndex = 0; path = Pods_CI_CD_Demo_CI_CD_DemoUITests.framework; sourceTree = BUILT_PRODUCTS_DIR; };
		E8662790D6618E02E7EFBBAB /* Pods_CI_CD_Demo.framework */ = {isa = PBXFileReference; explicitFileType = wrapper.framework; includeInIndex = 0; path = Pods_CI_CD_Demo.framework; sourceTree = BUILT_PRODUCTS_DIR; };
		FEBC6EA3B7B663D697DC90FB /* Pods-CI_CD_Demo.debug.xcconfig */ = {isa = PBXFileReference; includeInIndex = 1; lastKnownFileType = text.xcconfig; name = "Pods-CI_CD_Demo.debug.xcconfig"; path = "Target Support Files/Pods-CI_CD_Demo/Pods-CI_CD_Demo.debug.xcconfig"; sourceTree = "<group>"; };
/* End PBXFileReference section */

/* Begin PBXFileSystemSynchronizedBuildFileExceptionSet section */
		20A6165A2CF9CB2C00BA243A /* Exceptions for "CI_CD_Demo" folder in "CI_CD_Demo" target */ = {
			isa = PBXFileSystemSynchronizedBuildFileExceptionSet;
			membershipExceptions = (
				Info.plist,
			);
			target = 20A616312CF9CB2900BA243A /* CI_CD_Demo */;
		};
/* End PBXFileSystemSynchronizedBuildFileExceptionSet section */

/* Begin PBXFileSystemSynchronizedRootGroup section */
		20A616342CF9CB2900BA243A /* CI_CD_Demo */ = {
			isa = PBXFileSystemSynchronizedRootGroup;
			exceptions = (
				20A6165A2CF9CB2C00BA243A /* Exceptions for "CI_CD_Demo" folder in "CI_CD_Demo" target */,
			);
			path = CI_CD_Demo;
			sourceTree = "<group>";
		};
		20A6164B2CF9CB2C00BA243A /* CI_CD_DemoTests */ = {
			isa = PBXFileSystemSynchronizedRootGroup;
			exceptions = (
			);
			path = CI_CD_DemoTests;
			sourceTree = "<group>";
		};
		20A616552CF9CB2C00BA243A /* CI_CD_DemoUITests */ = {
			isa = PBXFileSystemSynchronizedRootGroup;
			exceptions = (
			);
			path = CI_CD_DemoUITests;
			sourceTree = "<group>";
		};
/* End PBXFileSystemSynchronizedRootGroup section */

/* Begin PBXFrameworksBuildPhase section */
		20A6162F2CF9CB2900BA243A /* Frameworks */ = {
			isa = PBXFrameworksBuildPhase;
			buildActionMask = 2147483647;
			files = (
				58AE2340EA773CDF60922B11 /* Pods_CI_CD_Demo.framework in Frameworks */,
			);
			runOnlyForDeploymentPostprocessing = 0;
		};
		20A616452CF9CB2C00BA243A /* Frameworks */ = {
			isa = PBXFrameworksBuildPhase;
			buildActionMask = 2147483647;
			files = (
				8759CCE8C6B0816A7E7A7893 /* Pods_CI_CD_DemoTests.framework in Frameworks */,
			);
			runOnlyForDeploymentPostprocessing = 0;
		};
		20A6164F2CF9CB2C00BA243A /* Frameworks */ = {
			isa = PBXFrameworksBuildPhase;
			buildActionMask = 2147483647;
			files = (
				2454841F091EE95C61E14EB0 /* Pods_CI_CD_Demo_CI_CD_DemoUITests.framework in Frameworks */,
			);
			runOnlyForDeploymentPostprocessing = 0;
		};
/* End PBXFrameworksBuildPhase section */

/* Begin PBXGroup section */
		20A616292CF9CB2800BA243A = {
			isa = PBXGroup;
			children = (
				20A616342CF9CB2900BA243A /* CI_CD_Demo */,
				20A6164B2CF9CB2C00BA243A /* CI_CD_DemoTests */,
				20A616552CF9CB2C00BA243A /* CI_CD_DemoUITests */,
				20A616332CF9CB2900BA243A /* Products */,
				E45830D8811A154212CCF866 /* Pods */,
				E2F76D64A2A707E4F1FC8657 /* Frameworks */,
			);
			sourceTree = "<group>";
		};
		20A616332CF9CB2900BA243A /* Products */ = {
			isa = PBXGroup;
			children = (
				20A616322CF9CB2900BA243A /* CI_CD_Demo.app */,
				20A616482CF9CB2C00BA243A /* CI_CD_DemoTests.xctest */,
				20A616522CF9CB2C00BA243A /* CI_CD_DemoUITests.xctest */,
			);
			name = Products;
			sourceTree = "<group>";
		};
		E2F76D64A2A707E4F1FC8657 /* Frameworks */ = {
			isa = PBXGroup;
			children = (
				E8662790D6618E02E7EFBBAB /* Pods_CI_CD_Demo.framework */,
				D2D41D83C82F79EFF7CFCC78 /* Pods_CI_CD_Demo_CI_CD_DemoUITests.framework */,
				6584DFD1ABF10E64412DB351 /* Pods_CI_CD_DemoTests.framework */,
			);
			name = Frameworks;
			sourceTree = "<group>";
		};
		E45830D8811A154212CCF866 /* Pods */ = {
			isa = PBXGroup;
			children = (
				FEBC6EA3B7B663D697DC90FB /* Pods-CI_CD_Demo.debug.xcconfig */,
				0E3647B111AE34649F0C8231 /* Pods-CI_CD_Demo.release.xcconfig */,
				7199FE23EF23A35274A205FD /* Pods-CI_CD_Demo-CI_CD_DemoUITests.debug.xcconfig */,
				6B9A5CD73C0FD5F83DC767E2 /* Pods-CI_CD_Demo-CI_CD_DemoUITests.release.xcconfig */,
				CF4531DAB8FB84691CB086AF /* Pods-CI_CD_DemoTests.debug.xcconfig */,
				16C8AA0127B4A440017157C0 /* Pods-CI_CD_DemoTests.release.xcconfig */,
			);
			name = Pods;
			path = Pods;
			sourceTree = "<group>";
		};
/* End PBXGroup section */

/* Begin PBXNativeTarget section */
		20A616312CF9CB2900BA243A /* CI_CD_Demo */ = {
			isa = PBXNativeTarget;
			buildConfigurationList = 20A6165B2CF9CB2C00BA243A /* Build configuration list for PBXNativeTarget "CI_CD_Demo" */;
			buildPhases = (
				913CEDE3670E873DB87E0611 /* [CP] Check Pods Manifest.lock */,
				20A6162E2CF9CB2900BA243A /* Sources */,
				20A6162F2CF9CB2900BA243A /* Frameworks */,
				20A616302CF9CB2900BA243A /* Resources */,
				4C88106A9C4D272549A68DB1 /* [CP] Embed Pods Frameworks */,
			);
			buildRules = (
			);
			dependencies = (
			);
			fileSystemSynchronizedGroups = (
				20A616342CF9CB2900BA243A /* CI_CD_Demo */,
			);
			name = CI_CD_Demo;
			productName = CI_CD_Demo;
			productReference = 20A616322CF9CB2900BA243A /* CI_CD_Demo.app */;
			productType = "com.apple.product-type.application";
		};
		20A616472CF9CB2C00BA243A /* CI_CD_DemoTests */ = {
			isa = PBXNativeTarget;
			buildConfigurationList = 20A616602CF9CB2C00BA243A /* Build configuration list for PBXNativeTarget "CI_CD_DemoTests" */;
			buildPhases = (
				47D3205ECEA76177557359E3 /* [CP] Check Pods Manifest.lock */,
				20A616442CF9CB2C00BA243A /* Sources */,
				20A616452CF9CB2C00BA243A /* Frameworks */,
				20A616462CF9CB2C00BA243A /* Resources */,
			);
			buildRules = (
			);
			dependencies = (
				20A6164A2CF9CB2C00BA243A /* PBXTargetDependency */,
			);
			fileSystemSynchronizedGroups = (
				20A6164B2CF9CB2C00BA243A /* CI_CD_DemoTests */,
			);
			name = CI_CD_DemoTests;
			productName = CI_CD_DemoTests;
			productReference = 20A616482CF9CB2C00BA243A /* CI_CD_DemoTests.xctest */;
			productType = "com.apple.product-type.bundle.unit-test";
		};
		20A616512CF9CB2C00BA243A /* CI_CD_DemoUITests */ = {
			isa = PBXNativeTarget;
			buildConfigurationList = 20A616632CF9CB2C00BA243A /* Build configuration list for PBXNativeTarget "CI_CD_DemoUITests" */;
			buildPhases = (
				087C94D1CF2748CBF5DB445E /* [CP] Check Pods Manifest.lock */,
				20A6164E2CF9CB2C00BA243A /* Sources */,
				20A6164F2CF9CB2C00BA243A /* Frameworks */,
				20A616502CF9CB2C00BA243A /* Resources */,
				69A75DA14FE91E41F820B08D /* [CP] Embed Pods Frameworks */,
			);
			buildRules = (
			);
			dependencies = (
				20A616542CF9CB2C00BA243A /* PBXTargetDependency */,
			);
			fileSystemSynchronizedGroups = (
				20A616552CF9CB2C00BA243A /* CI_CD_DemoUITests */,
			);
			name = CI_CD_DemoUITests;
			productName = CI_CD_DemoUITests;
			productReference = 20A616522CF9CB2C00BA243A /* CI_CD_DemoUITests.xctest */;
			productType = "com.apple.product-type.bundle.ui-testing";
		};
/* End PBXNativeTarget section */

/* Begin PBXProject section */
		20A6162A2CF9CB2800BA243A /* Project object */ = {
			isa = PBXProject;
			attributes = {
				BuildIndependentTargetsInParallel = 1;
				LastSwiftUpdateCheck = 1600;
				LastUpgradeCheck = 1600;
				TargetAttributes = {
					20A616312CF9CB2900BA243A = {
						CreatedOnToolsVersion = 16.0;
					};
					20A616472CF9CB2C00BA243A = {
						CreatedOnToolsVersion = 16.0;
						TestTargetID = 20A616312CF9CB2900BA243A;
					};
					20A616512CF9CB2C00BA243A = {
						CreatedOnToolsVersion = 16.0;
						TestTargetID = 20A616312CF9CB2900BA243A;
					};
				};
			};
			buildConfigurationList = 20A6162D2CF9CB2800BA243A /* Build configuration list for PBXProject "CI_CD_Demo" */;
			developmentRegion = en;
			hasScannedForEncodings = 0;
			knownRegions = (
				en,
				Base,
			);
			mainGroup = 20A616292CF9CB2800BA243A;
			minimizedProjectReferenceProxies = 1;
			preferredProjectObjectVersion = 77;
			productRefGroup = 20A616332CF9CB2900BA243A /* Products */;
			projectDirPath = "";
			projectRoot = "";
			targets = (
				20A616312CF9CB2900BA243A /* CI_CD_Demo */,
				20A616472CF9CB2C00BA243A /* CI_CD_DemoTests */,
				20A616512CF9CB2C00BA243A /* CI_CD_DemoUITests */,
			);
		};
/* End PBXProject section */

/* Begin PBXResourcesBuildPhase section */
		20A616302CF9CB2900BA243A /* Resources */ = {
			isa = PBXResourcesBuildPhase;
			buildActionMask = 2147483647;
			files = (
			);
			runOnlyForDeploymentPostprocessing = 0;
		};
		20A616462CF9CB2C00BA243A /* Resources */ = {
			isa = PBXResourcesBuildPhase;
			buildActionMask = 2147483647;
			files = (
			);
			runOnlyForDeploymentPostprocessing = 0;
		};
		20A616502CF9CB2C00BA243A /* Resources */ = {
			isa = PBXResourcesBuildPhase;
			buildActionMask = 2147483647;
			files = (
			);
			runOnlyForDeploymentPostprocessing = 0;
		};
/* End PBXResourcesBuildPhase section */

/* Begin PBXShellScriptBuildPhase section */
		087C94D1CF2748CBF5DB445E /* [CP] Check Pods Manifest.lock */ = {
			isa = PBXShellScriptBuildPhase;
			buildActionMask = 2147483647;
			files = (
			);
			inputFileListPaths = (
			);
			inputPaths = (
				"${PODS_PODFILE_DIR_PATH}/Podfile.lock",
				"${PODS_ROOT}/Manifest.lock",
			);
			name = "[CP] Check Pods Manifest.lock";
			outputFileListPaths = (
			);
			outputPaths = (
				"$(DERIVED_FILE_DIR)/Pods-CI_CD_Demo-CI_CD_DemoUITests-checkManifestLockResult.txt",
			);
			runOnlyForDeploymentPostprocessing = 0;
			shellPath = /bin/sh;
			shellScript = "diff \"${PODS_PODFILE_DIR_PATH}/Podfile.lock\" \"${PODS_ROOT}/Manifest.lock\" > /dev/null\nif [ $? != 0 ] ; then\n    # print error to STDERR\n    echo \"error: The sandbox is not in sync with the Podfile.lock. Run 'pod install' or update your CocoaPods installation.\" >&2\n    exit 1\nfi\n# This output is used by Xcode 'outputs' to avoid re-running this script phase.\necho \"SUCCESS\" > \"${SCRIPT_OUTPUT_FILE_0}\"\n";
			showEnvVarsInLog = 0;
		};
		47D3205ECEA76177557359E3 /* [CP] Check Pods Manifest.lock */ = {
			isa = PBXShellScriptBuildPhase;
			buildActionMask = 2147483647;
			files = (
			);
			inputFileListPaths = (
			);
			inputPaths = (
				"${PODS_PODFILE_DIR_PATH}/Podfile.lock",
				"${PODS_ROOT}/Manifest.lock",
			);
			name = "[CP] Check Pods Manifest.lock";
			outputFileListPaths = (
			);
			outputPaths = (
				"$(DERIVED_FILE_DIR)/Pods-CI_CD_DemoTests-checkManifestLockResult.txt",
			);
			runOnlyForDeploymentPostprocessing = 0;
			shellPath = /bin/sh;
			shellScript = "diff \"${PODS_PODFILE_DIR_PATH}/Podfile.lock\" \"${PODS_ROOT}/Manifest.lock\" > /dev/null\nif [ $? != 0 ] ; then\n    # print error to STDERR\n    echo \"error: The sandbox is not in sync with the Podfile.lock. Run 'pod install' or update your CocoaPods installation.\" >&2\n    exit 1\nfi\n# This output is used by Xcode 'outputs' to avoid re-running this script phase.\necho \"SUCCESS\" > \"${SCRIPT_OUTPUT_FILE_0}\"\n";
			showEnvVarsInLog = 0;
		};
		4C88106A9C4D272549A68DB1 /* [CP] Embed Pods Frameworks */ = {
			isa = PBXShellScriptBuildPhase;
			buildActionMask = 2147483647;
			files = (
			);
			inputFileListPaths = (
				"${PODS_ROOT}/Target Support Files/Pods-CI_CD_Demo/Pods-CI_CD_Demo-frameworks-${CONFIGURATION}-input-files.xcfilelist",
			);
			name = "[CP] Embed Pods Frameworks";
			outputFileListPaths = (
				"${PODS_ROOT}/Target Support Files/Pods-CI_CD_Demo/Pods-CI_CD_Demo-frameworks-${CONFIGURATION}-output-files.xcfilelist",
			);
			runOnlyForDeploymentPostprocessing = 0;
			shellPath = /bin/sh;
			shellScript = "\"${PODS_ROOT}/Target Support Files/Pods-CI_CD_Demo/Pods-CI_CD_Demo-frameworks.sh\"\n";
			showEnvVarsInLog = 0;
		};
		69A75DA14FE91E41F820B08D /* [CP] Embed Pods Frameworks */ = {
			isa = PBXShellScriptBuildPhase;
			buildActionMask = 2147483647;
			files = (
			);
			inputFileListPaths = (
				"${PODS_ROOT}/Target Support Files/Pods-CI_CD_Demo-CI_CD_DemoUITests/Pods-CI_CD_Demo-CI_CD_DemoUITests-frameworks-${CONFIGURATION}-input-files.xcfilelist",
			);
			name = "[CP] Embed Pods Frameworks";
			outputFileListPaths = (
				"${PODS_ROOT}/Target Support Files/Pods-CI_CD_Demo-CI_CD_DemoUITests/Pods-CI_CD_Demo-CI_CD_DemoUITests-frameworks-${CONFIGURATION}-output-files.xcfilelist",
			);
			runOnlyForDeploymentPostprocessing = 0;
			shellPath = /bin/sh;
			shellScript = "\"${PODS_ROOT}/Target Support Files/Pods-CI_CD_Demo-CI_CD_DemoUITests/Pods-CI_CD_Demo-CI_CD_DemoUITests-frameworks.sh\"\n";
			showEnvVarsInLog = 0;
		};
		913CEDE3670E873DB87E0611 /* [CP] Check Pods Manifest.lock */ = {
			isa = PBXShellScriptBuildPhase;
			buildActionMask = 2147483647;
			files = (
			);
			inputFileListPaths = (
			);
			inputPaths = (
				"${PODS_PODFILE_DIR_PATH}/Podfile.lock",
				"${PODS_ROOT}/Manifest.lock",
			);
			name = "[CP] Check Pods Manifest.lock";
			outputFileListPaths = (
			);
			outputPaths = (
				"$(DERIVED_FILE_DIR)/Pods-CI_CD_Demo-checkManifestLockResult.txt",
			);
			runOnlyForDeploymentPostprocessing = 0;
			shellPath = /bin/sh;
			shellScript = "diff \"${PODS_PODFILE_DIR_PATH}/Podfile.lock\" \"${PODS_ROOT}/Manifest.lock\" > /dev/null\nif [ $? != 0 ] ; then\n    # print error to STDERR\n    echo \"error: The sandbox is not in sync with the Podfile.lock. Run 'pod install' or update your CocoaPods installation.\" >&2\n    exit 1\nfi\n# This output is used by Xcode 'outputs' to avoid re-running this script phase.\necho \"SUCCESS\" > \"${SCRIPT_OUTPUT_FILE_0}\"\n";
			showEnvVarsInLog = 0;
		};
/* End PBXShellScriptBuildPhase section */

/* Begin PBXSourcesBuildPhase section */
		20A6162E2CF9CB2900BA243A /* Sources */ = {
			isa = PBXSourcesBuildPhase;
			buildActionMask = 2147483647;
			files = (
			);
			runOnlyForDeploymentPostprocessing = 0;
		};
		20A616442CF9CB2C00BA243A /* Sources */ = {
			isa = PBXSourcesBuildPhase;
			buildActionMask = 2147483647;
			files = (
			);
			runOnlyForDeploymentPostprocessing = 0;
		};
		20A6164E2CF9CB2C00BA243A /* Sources */ = {
			isa = PBXSourcesBuildPhase;
			buildActionMask = 2147483647;
			files = (
			);
			runOnlyForDeploymentPostprocessing = 0;
		};
/* End PBXSourcesBuildPhase section */

/* Begin PBXTargetDependency section */
		20A6164A2CF9CB2C00BA243A /* PBXTargetDependency */ = {
			isa = PBXTargetDependency;
			target = 20A616312CF9CB2900BA243A /* CI_CD_Demo */;
			targetProxy = 20A616492CF9CB2C00BA243A /* PBXContainerItemProxy */;
		};
		20A616542CF9CB2C00BA243A /* PBXTargetDependency */ = {
			isa = PBXTargetDependency;
			target = 20A616312CF9CB2900BA243A /* CI_CD_Demo */;
			targetProxy = 20A616532CF9CB2C00BA243A /* PBXContainerItemProxy */;
		};
/* End PBXTargetDependency section */

/* Begin XCBuildConfiguration section */
		20A6165C2CF9CB2C00BA243A /* Debug */ = {
			isa = XCBuildConfiguration;
			baseConfigurationReference = FEBC6EA3B7B663D697DC90FB /* Pods-CI_CD_Demo.debug.xcconfig */;
			buildSettings = {
				ASSETCATALOG_COMPILER_APPICON_NAME = AppIcon;
				ASSETCATALOG_COMPILER_GLOBAL_ACCENT_COLOR_NAME = AccentColor;
				CODE_SIGN_STYLE = Automatic;
				CURRENT_PROJECT_VERSION = 1;
				DEVELOPMENT_TEAM = 8462WZWGH3;
				GENERATE_INFOPLIST_FILE = YES;
				INFOPLIST_FILE = CI_CD_Demo/Info.plist;
				INFOPLIST_KEY_UIApplicationSupportsIndirectInputEvents = YES;
				INFOPLIST_KEY_UILaunchStoryboardName = LaunchScreen;
				INFOPLIST_KEY_UIMainStoryboardFile = Main;
				INFOPLIST_KEY_UISupportedInterfaceOrientations_iPad = "UIInterfaceOrientationPortrait UIInterfaceOrientationPortraitUpsideDown UIInterfaceOrientationLandscapeLeft UIInterfaceOrientationLandscapeRight";
				INFOPLIST_KEY_UISupportedInterfaceOrientations_iPhone = "UIInterfaceOrientationPortrait UIInterfaceOrientationLandscapeLeft UIInterfaceOrientationLandscapeRight";
				LD_RUNPATH_SEARCH_PATHS = (
					"$(inherited)",
					"@executable_path/Frameworks",
				);
				MARKETING_VERSION = 1.0;
				PRODUCT_BUNDLE_IDENTIFIER = "com.tridhya.CI-CD-Demo";
				PRODUCT_NAME = "$(TARGET_NAME)";
				SWIFT_EMIT_LOC_STRINGS = YES;
				SWIFT_VERSION = 5.0;
				TARGETED_DEVICE_FAMILY = "1,2";
			};
			name = Debug;
		};
		20A6165D2CF9CB2C00BA243A /* Release */ = {
			isa = XCBuildConfiguration;
			baseConfigurationReference = 0E3647B111AE34649F0C8231 /* Pods-CI_CD_Demo.release.xcconfig */;
			buildSettings = {
				ASSETCATALOG_COMPILER_APPICON_NAME = AppIcon;
				ASSETCATALOG_COMPILER_GLOBAL_ACCENT_COLOR_NAME = AccentColor;
				CODE_SIGN_STYLE = Automatic;
				CURRENT_PROJECT_VERSION = 1;
				DEVELOPMENT_TEAM = 8462WZWGH3;
				GENERATE_INFOPLIST_FILE = YES;
				INFOPLIST_FILE = CI_CD_Demo/Info.plist;
				INFOPLIST_KEY_UIApplicationSupportsIndirectInputEvents = YES;
				INFOPLIST_KEY_UILaunchStoryboardName = LaunchScreen;
				INFOPLIST_KEY_UIMainStoryboardFile = Main;
				INFOPLIST_KEY_UISupportedInterfaceOrientations_iPad = "UIInterfaceOrientationPortrait UIInterfaceOrientationPortraitUpsideDown UIInterfaceOrientationLandscapeLeft UIInterfaceOrientationLandscapeRight";
				INFOPLIST_KEY_UISupportedInterfaceOrientations_iPhone = "UIInterfaceOrientationPortrait UIInterfaceOrientationLandscapeLeft UIInterfaceOrientationLandscapeRight";
				LD_RUNPATH_SEARCH_PATHS = (
					"$(inherited)",
					"@executable_path/Frameworks",
				);
				MARKETING_VERSION = 1.0;
				PRODUCT_BUNDLE_IDENTIFIER = "com.tridhya.CI-CD-Demo";
				PRODUCT_NAME = "$(TARGET_NAME)";
				SWIFT_EMIT_LOC_STRINGS = YES;
				SWIFT_VERSION = 5.0;
				TARGETED_DEVICE_FAMILY = "1,2";
			};
			name = Release;
		};
		20A6165E2CF9CB2C00BA243A /* Debug */ = {
			isa = XCBuildConfiguration;
			buildSettings = {
				ALWAYS_SEARCH_USER_PATHS = NO;
				ASSETCATALOG_COMPILER_GENERATE_SWIFT_ASSET_SYMBOL_EXTENSIONS = YES;
				CLANG_ANALYZER_NONNULL = YES;
				CLANG_ANALYZER_NUMBER_OBJECT_CONVERSION = YES_AGGRESSIVE;
				CLANG_CXX_LANGUAGE_STANDARD = "gnu++20";
				CLANG_ENABLE_MODULES = YES;
				CLANG_ENABLE_OBJC_ARC = YES;
				CLANG_ENABLE_OBJC_WEAK = YES;
				CLANG_WARN_BLOCK_CAPTURE_AUTORELEASING = YES;
				CLANG_WARN_BOOL_CONVERSION = YES;
				CLANG_WARN_COMMA = YES;
				CLANG_WARN_CONSTANT_CONVERSION = YES;
				CLANG_WARN_DEPRECATED_OBJC_IMPLEMENTATIONS = YES;
				CLANG_WARN_DIRECT_OBJC_ISA_USAGE = YES_ERROR;
				CLANG_WARN_DOCUMENTATION_COMMENTS = YES;
				CLANG_WARN_EMPTY_BODY = YES;
				CLANG_WARN_ENUM_CONVERSION = YES;
				CLANG_WARN_INFINITE_RECURSION = YES;
				CLANG_WARN_INT_CONVERSION = YES;
				CLANG_WARN_NON_LITERAL_NULL_CONVERSION = YES;
				CLANG_WARN_OBJC_IMPLICIT_RETAIN_SELF = YES;
				CLANG_WARN_OBJC_LITERAL_CONVERSION = YES;
				CLANG_WARN_OBJC_ROOT_CLASS = YES_ERROR;
				CLANG_WARN_QUOTED_INCLUDE_IN_FRAMEWORK_HEADER = YES;
				CLANG_WARN_RANGE_LOOP_ANALYSIS = YES;
				CLANG_WARN_STRICT_PROTOTYPES = YES;
				CLANG_WARN_SUSPICIOUS_MOVE = YES;
				CLANG_WARN_UNGUARDED_AVAILABILITY = YES_AGGRESSIVE;
				CLANG_WARN_UNREACHABLE_CODE = YES;
				CLANG_WARN__DUPLICATE_METHOD_MATCH = YES;
				COPY_PHASE_STRIP = NO;
				DEBUG_INFORMATION_FORMAT = dwarf;
				ENABLE_STRICT_OBJC_MSGSEND = YES;
				ENABLE_TESTABILITY = YES;
				ENABLE_USER_SCRIPT_SANDBOXING = YES;
				GCC_C_LANGUAGE_STANDARD = gnu17;
				GCC_DYNAMIC_NO_PIC = NO;
				GCC_NO_COMMON_BLOCKS = YES;
				GCC_OPTIMIZATION_LEVEL = 0;
				GCC_PREPROCESSOR_DEFINITIONS = (
					"DEBUG=1",
					"$(inherited)",
				);
				GCC_WARN_64_TO_32_BIT_CONVERSION = YES;
				GCC_WARN_ABOUT_RETURN_TYPE = YES_ERROR;
				GCC_WARN_UNDECLARED_SELECTOR = YES;
				GCC_WARN_UNINITIALIZED_AUTOS = YES_AGGRESSIVE;
				GCC_WARN_UNUSED_FUNCTION = YES;
				GCC_WARN_UNUSED_VARIABLE = YES;
				IPHONEOS_DEPLOYMENT_TARGET = 18.0;
				LOCALIZATION_PREFERS_STRING_CATALOGS = YES;
				MTL_ENABLE_DEBUG_INFO = INCLUDE_SOURCE;
				MTL_FAST_MATH = YES;
				ONLY_ACTIVE_ARCH = YES;
				SDKROOT = iphoneos;
				SWIFT_ACTIVE_COMPILATION_CONDITIONS = "DEBUG $(inherited)";
				SWIFT_OPTIMIZATION_LEVEL = "-Onone";
			};
			name = Debug;
		};
		20A6165F2CF9CB2C00BA243A /* Release */ = {
			isa = XCBuildConfiguration;
			buildSettings = {
				ALWAYS_SEARCH_USER_PATHS = NO;
				ASSETCATALOG_COMPILER_GENERATE_SWIFT_ASSET_SYMBOL_EXTENSIONS = YES;
				CLANG_ANALYZER_NONNULL = YES;
				CLANG_ANALYZER_NUMBER_OBJECT_CONVERSION = YES_AGGRESSIVE;
				CLANG_CXX_LANGUAGE_STANDARD = "gnu++20";
				CLANG_ENABLE_MODULES = YES;
				CLANG_ENABLE_OBJC_ARC = YES;
				CLANG_ENABLE_OBJC_WEAK = YES;
				CLANG_WARN_BLOCK_CAPTURE_AUTORELEASING = YES;
				CLANG_WARN_BOOL_CONVERSION = YES;
				CLANG_WARN_COMMA = YES;
				CLANG_WARN_CONSTANT_CONVERSION = YES;
				CLANG_WARN_DEPRECATED_OBJC_IMPLEMENTATIONS = YES;
				CLANG_WARN_DIRECT_OBJC_ISA_USAGE = YES_ERROR;
				CLANG_WARN_DOCUMENTATION_COMMENTS = YES;
				CLANG_WARN_EMPTY_BODY = YES;
				CLANG_WARN_ENUM_CONVERSION = YES;
				CLANG_WARN_INFINITE_RECURSION = YES;
				CLANG_WARN_INT_CONVERSION = YES;
				CLANG_WARN_NON_LITERAL_NULL_CONVERSION = YES;
				CLANG_WARN_OBJC_IMPLICIT_RETAIN_SELF = YES;
				CLANG_WARN_OBJC_LITERAL_CONVERSION = YES;
				CLANG_WARN_OBJC_ROOT_CLASS = YES_ERROR;
				CLANG_WARN_QUOTED_INCLUDE_IN_FRAMEWORK_HEADER = YES;
				CLANG_WARN_RANGE_LOOP_ANALYSIS = YES;
				CLANG_WARN_STRICT_PROTOTYPES = YES;
				CLANG_WARN_SUSPICIOUS_MOVE = YES;
				CLANG_WARN_UNGUARDED_AVAILABILITY = YES_AGGRESSIVE;
				CLANG_WARN_UNREACHABLE_CODE = YES;
				CLANG_WARN__DUPLICATE_METHOD_MATCH = YES;
				COPY_PHASE_STRIP = NO;
				DEBUG_INFORMATION_FORMAT = "dwarf-with-dsym";
				ENABLE_NS_ASSERTIONS = NO;
				ENABLE_STRICT_OBJC_MSGSEND = YES;
				ENABLE_USER_SCRIPT_SANDBOXING = YES;
				GCC_C_LANGUAGE_STANDARD = gnu17;
				GCC_NO_COMMON_BLOCKS = YES;
				GCC_WARN_64_TO_32_BIT_CONVERSION = YES;
				GCC_WARN_ABOUT_RETURN_TYPE = YES_ERROR;
				GCC_WARN_UNDECLARED_SELECTOR = YES;
				GCC_WARN_UNINITIALIZED_AUTOS = YES_AGGRESSIVE;
				GCC_WARN_UNUSED_FUNCTION = YES;
				GCC_WARN_UNUSED_VARIABLE = YES;
				IPHONEOS_DEPLOYMENT_TARGET = 18.0;
				LOCALIZATION_PREFERS_STRING_CATALOGS = YES;
				MTL_ENABLE_DEBUG_INFO = NO;
				MTL_FAST_MATH = YES;
				SDKROOT = iphoneos;
				SWIFT_COMPILATION_MODE = wholemodule;
				VALIDATE_PRODUCT = YES;
			};
			name = Release;
		};
		20A616612CF9CB2C00BA243A /* Debug */ = {
			isa = XCBuildConfiguration;
			baseConfigurationReference = CF4531DAB8FB84691CB086AF /* Pods-CI_CD_DemoTests.debug.xcconfig */;
			buildSettings = {
				BUNDLE_LOADER = "$(TEST_HOST)";
				CODE_SIGN_STYLE = Automatic;
				CURRENT_PROJECT_VERSION = 1;
				DEVELOPMENT_TEAM = 8462WZWGH3;
				GENERATE_INFOPLIST_FILE = YES;
				IPHONEOS_DEPLOYMENT_TARGET = 18.0;
				MARKETING_VERSION = 1.0;
				PRODUCT_BUNDLE_IDENTIFIER = "com.tridhya.CI-CD-DemoTests";
				PRODUCT_NAME = "$(TARGET_NAME)";
				SWIFT_EMIT_LOC_STRINGS = NO;
				SWIFT_VERSION = 5.0;
				TARGETED_DEVICE_FAMILY = "1,2";
				TEST_HOST = "$(BUILT_PRODUCTS_DIR)/CI_CD_Demo.app/$(BUNDLE_EXECUTABLE_FOLDER_PATH)/CI_CD_Demo";
			};
			name = Debug;
		};
		20A616622CF9CB2C00BA243A /* Release */ = {
			isa = XCBuildConfiguration;
			baseConfigurationReference = 16C8AA0127B4A440017157C0 /* Pods-CI_CD_DemoTests.release.xcconfig */;
			buildSettings = {
				BUNDLE_LOADER = "$(TEST_HOST)";
				CODE_SIGN_STYLE = Automatic;
				CURRENT_PROJECT_VERSION = 1;
				DEVELOPMENT_TEAM = 8462WZWGH3;
				GENERATE_INFOPLIST_FILE = YES;
				IPHONEOS_DEPLOYMENT_TARGET = 18.0;
				MARKETING_VERSION = 1.0;
				PRODUCT_BUNDLE_IDENTIFIER = "com.tridhya.CI-CD-DemoTests";
				PRODUCT_NAME = "$(TARGET_NAME)";
				SWIFT_EMIT_LOC_STRINGS = NO;
				SWIFT_VERSION = 5.0;
				TARGETED_DEVICE_FAMILY = "1,2";
				TEST_HOST = "$(BUILT_PRODUCTS_DIR)/CI_CD_Demo.app/$(BUNDLE_EXECUTABLE_FOLDER_PATH)/CI_CD_Demo";
			};
			name = Release;
		};
		20A616642CF9CB2C00BA243A /* Debug */ = {
			isa = XCBuildConfiguration;
			baseConfigurationReference = 7199FE23EF23A35274A205FD /* Pods-CI_CD_Demo-CI_CD_DemoUITests.debug.xcconfig */;
			buildSettings = {
				CODE_SIGN_STYLE = Automatic;
				CURRENT_PROJECT_VERSION = 1;
				DEVELOPMENT_TEAM = 8462WZWGH3;
				GENERATE_INFOPLIST_FILE = YES;
				MARKETING_VERSION = 1.0;
				PRODUCT_BUNDLE_IDENTIFIER = "com.tridhya.CI-CD-DemoUITests";
				PRODUCT_NAME = "$(TARGET_NAME)";
				SWIFT_EMIT_LOC_STRINGS = NO;
				SWIFT_VERSION = 5.0;
				TARGETED_DEVICE_FAMILY = "1,2";
				TEST_TARGET_NAME = CI_CD_Demo;
			};
			name = Debug;
		};
		20A616652CF9CB2C00BA243A /* Release */ = {
			isa = XCBuildConfiguration;
			baseConfigurationReference = 6B9A5CD73C0FD5F83DC767E2 /* Pods-CI_CD_Demo-CI_CD_DemoUITests.release.xcconfig */;
			buildSettings = {
				CODE_SIGN_STYLE = Automatic;
				CURRENT_PROJECT_VERSION = 1;
				DEVELOPMENT_TEAM = 8462WZWGH3;
				GENERATE_INFOPLIST_FILE = YES;
				MARKETING_VERSION = 1.0;
				PRODUCT_BUNDLE_IDENTIFIER = "com.tridhya.CI-CD-DemoUITests";
				PRODUCT_NAME = "$(TARGET_NAME)";
				SWIFT_EMIT_LOC_STRINGS = NO;
				SWIFT_VERSION = 5.0;
				TARGETED_DEVICE_FAMILY = "1,2";
				TEST_TARGET_NAME = CI_CD_Demo;
			};
			name = Release;
		};
/* End XCBuildConfiguration section */

/* Begin XCConfigurationList section */
		20A6162D2CF9CB2800BA243A /* Build configuration list for PBXProject "CI_CD_Demo" */ = {
			isa = XCConfigurationList;
			buildConfigurations = (
				20A6165E2CF9CB2C00BA243A /* Debug */,
				20A6165F2CF9CB2C00BA243A /* Release */,
			);
			defaultConfigurationIsVisible = 0;
			defaultConfigurationName = Release;
		};
		20A6165B2CF9CB2C00BA243A /* Build configuration list for PBXNativeTarget "CI_CD_Demo" */ = {
			isa = XCConfigurationList;
			buildConfigurations = (
				20A6165C2CF9CB2C00BA243A /* Debug */,
				20A6165D2CF9CB2C00BA243A /* Release */,
			);
			defaultConfigurationIsVisible = 0;
			defaultConfigurationName = Release;
		};
		20A616602CF9CB2C00BA243A /* Build configuration list for PBXNativeTarget "CI_CD_DemoTests" */ = {
			isa = XCConfigurationList;
			buildConfigurations = (
				20A616612CF9CB2C00BA243A /* Debug */,
				20A616622CF9CB2C00BA243A /* Release */,
			);
			defaultConfigurationIsVisible = 0;
			defaultConfigurationName = Release;
		};
		20A616632CF9CB2C00BA243A /* Build configuration list for PBXNativeTarget "CI_CD_DemoUITests" */ = {
			isa = XCConfigurationList;
			buildConfigurations = (
				20A616642CF9CB2C00BA243A /* Debug */,
				20A616652CF9CB2C00BA243A /* Release */,
			);
			defaultConfigurationIsVisible = 0;
			defaultConfigurationName = Release;
		};
/* End XCConfigurationList section */
	};
	rootObject = 20A6162A2CF9CB2800BA243A /* Project object */;
}
